// !$*UTF8*$!
{
	archiveVersion = 1;
	classes = {
	};
	objectVersion = 77;
	objects = {

/* Begin PBXContainerItemProxy section */
		3857A1A82DFC692E00ED8D11 /* PBXContainerItemProxy */ = {
			isa = PBXContainerItemProxy;
			containerPortal = 3857A1922DFC692B00ED8D11 /* Project object */;
			proxyType = 1;
			remoteGlobalIDString = 3857A1992DFC692B00ED8D11;
			remoteInfo = AudioExpenseTracker;
		};
		3857A1B22DFC692E00ED8D11 /* PBXContainerItemProxy */ = {
			isa = PBXContainerItemProxy;
			containerPortal = 3857A1922DFC692B00ED8D11 /* Project object */;
			proxyType = 1;
			remoteGlobalIDString = 3857A1992DFC692B00ED8D11;
			remoteInfo = AudioExpenseTracker;
		};
/* End PBXContainerItemProxy section */

/* Begin PBXFileReference section */
		3857A19A2DFC692B00ED8D11 /* AudioExpenseTracker.app */ = {isa = PBXFileReference; explicitFileType = wrapper.application; includeInIndex = 0; path = AudioExpenseTracker.app; sourceTree = BUILT_PRODUCTS_DIR; };
		3857A1A72DFC692E00ED8D11 /* AudioExpenseTrackerTests.xctest */ = {isa = PBXFileReference; explicitFileType = wrapper.cfbundle; includeInIndex = 0; path = AudioExpenseTrackerTests.xctest; sourceTree = BUILT_PRODUCTS_DIR; };
		3857A1B12DFC692E00ED8D11 /* AudioExpenseTrackerUITests.xctest */ = {isa = PBXFileReference; explicitFileType = wrapper.cfbundle; includeInIndex = 0; path = AudioExpenseTrackerUITests.xctest; sourceTree = BUILT_PRODUCTS_DIR; };
/* End PBXFileReference section */

/* Begin PBXFileSystemSynchronizedBuildFileExceptionSet section */
		3857A3192DFDB77300ED8D11 /* Exceptions for "AudioExpenseTracker" folder in "AudioExpenseTracker" target */ = {
			isa = PBXFileSystemSynchronizedBuildFileExceptionSet;
			membershipExceptions = (
				Info.plist,
			);
			target = 3857A1992DFC692B00ED8D11 /* AudioExpenseTracker */;
		};
/* End PBXFileSystemSynchronizedBuildFileExceptionSet section */

/* Begin PBXFileSystemSynchronizedRootGroup section */
		3857A19C2DFC692B00ED8D11 /* AudioExpenseTracker */ = {
			isa = PBXFileSystemSynchronizedRootGroup;
			exceptions = (
				3857A3192DFDB77300ED8D11 /* Exceptions for "AudioExpenseTracker" folder in "AudioExpenseTracker" target */,
			);
			path = AudioExpenseTracker;
			sourceTree = "<group>";
		};
		3857A1AA2DFC692E00ED8D11 /* AudioExpenseTrackerTests */ = {
			isa = PBXFileSystemSynchronizedRootGroup;
			path = AudioExpenseTrackerTests;
			sourceTree = "<group>";
		};
		3857A1B42DFC692E00ED8D11 /* AudioExpenseTrackerUITests */ = {
			isa = PBXFileSystemSynchronizedRootGroup;
			path = AudioExpenseTrackerUITests;
			sourceTree = "<group>";
		};
/* End PBXFileSystemSynchronizedRootGroup section */

/* Begin PBXFrameworksBuildPhase section */
		3857A1972DFC692B00ED8D11 /* Frameworks */ = {
			isa = PBXFrameworksBuildPhase;
			buildActionMask = 2147483647;
			files = (
			);
			runOnlyForDeploymentPostprocessing = 0;
		};
		3857A1A42DFC692E00ED8D11 /* Frameworks */ = {
			isa = PBXFrameworksBuildPhase;
			buildActionMask = 2147483647;
			files = (
			);
			runOnlyForDeploymentPostprocessing = 0;
		};
		3857A1AE2DFC692E00ED8D11 /* Frameworks */ = {
			isa = PBXFrameworksBuildPhase;
			buildActionMask = 2147483647;
			files = (
			);
			runOnlyForDeploymentPostprocessing = 0;
		};
/* End PBXFrameworksBuildPhase section */

/* Begin PBXGroup section */
		3857A1912DFC692A00ED8D11 = {
			isa = PBXGroup;
			children = (
				3857A19C2DFC692B00ED8D11 /* AudioExpenseTracker */,
				3857A1AA2DFC692E00ED8D11 /* AudioExpenseTrackerTests */,
				3857A1B42DFC692E00ED8D11 /* AudioExpenseTrackerUITests */,
				3857A19B2DFC692B00ED8D11 /* Products */,
			);
			sourceTree = "<group>";
		};
		3857A19B2DFC692B00ED8D11 /* Products */ = {
			isa = PBXGroup;
			children = (
				3857A19A2DFC692B00ED8D11 /* AudioExpenseTracker.app */,
				3857A1A72DFC692E00ED8D11 /* AudioExpenseTrackerTests.xctest */,
				3857A1B12DFC692E00ED8D11 /* AudioExpenseTrackerUITests.xctest */,
			);
			name = Products;
			sourceTree = "<group>";
		};
/* End PBXGroup section */

/* Begin PBXNativeTarget section */
		3857A1992DFC692B00ED8D11 /* AudioExpenseTracker */ = {
			isa = PBXNativeTarget;
			buildConfigurationList = 3857A1BB2DFC692E00ED8D11 /* Build configuration list for PBXNativeTarget "AudioExpenseTracker" */;
			buildPhases = (
				3857A1962DFC692B00ED8D11 /* Sources */,
				3857A1972DFC692B00ED8D11 /* Frameworks */,
				3857A1982DFC692B00ED8D11 /* Resources */,
			);
			buildRules = (
			);
			dependencies = (
			);
			fileSystemSynchronizedGroups = (
				3857A19C2DFC692B00ED8D11 /* AudioExpenseTracker */,
			);
			name = AudioExpenseTracker;
			packageProductDependencies = (
			);
			productName = AudioExpenseTracker;
			productReference = 3857A19A2DFC692B00ED8D11 /* AudioExpenseTracker.app */;
			productType = "com.apple.product-type.application";
		};
		3857A1A62DFC692E00ED8D11 /* AudioExpenseTrackerTests */ = {
			isa = PBXNativeTarget;
			buildConfigurationList = 3857A1BE2DFC692E00ED8D11 /* Build configuration list for PBXNativeTarget "AudioExpenseTrackerTests" */;
			buildPhases = (
				3857A1A32DFC692E00ED8D11 /* Sources */,
				3857A1A42DFC692E00ED8D11 /* Frameworks */,
				3857A1A52DFC692E00ED8D11 /* Resources */,
			);
			buildRules = (
			);
			dependencies = (
				3857A1A92DFC692E00ED8D11 /* PBXTargetDependency */,
			);
			fileSystemSynchronizedGroups = (
				3857A1AA2DFC692E00ED8D11 /* AudioExpenseTrackerTests */,
			);
			name = AudioExpenseTrackerTests;
			packageProductDependencies = (
			);
			productName = AudioExpenseTrackerTests;
			productReference = 3857A1A72DFC692E00ED8D11 /* AudioExpenseTrackerTests.xctest */;
			productType = "com.apple.product-type.bundle.unit-test";
		};
		3857A1B02DFC692E00ED8D11 /* AudioExpenseTrackerUITests */ = {
			isa = PBXNativeTarget;
			buildConfigurationList = 3857A1C12DFC692E00ED8D11 /* Build configuration list for PBXNativeTarget "AudioExpenseTrackerUITests" */;
			buildPhases = (
				3857A1AD2DFC692E00ED8D11 /* Sources */,
				3857A1AE2DFC692E00ED8D11 /* Frameworks */,
				3857A1AF2DFC692E00ED8D11 /* Resources */,
			);
			buildRules = (
			);
			dependencies = (
				3857A1B32DFC692E00ED8D11 /* PBXTargetDependency */,
			);
			fileSystemSynchronizedGroups = (
				3857A1B42DFC692E00ED8D11 /* AudioExpenseTrackerUITests */,
			);
			name = AudioExpenseTrackerUITests;
			packageProductDependencies = (
			);
			productName = AudioExpenseTrackerUITests;
			productReference = 3857A1B12DFC692E00ED8D11 /* AudioExpenseTrackerUITests.xctest */;
			productType = "com.apple.product-type.bundle.ui-testing";
		};
/* End PBXNativeTarget section */

/* Begin PBXProject section */
		3857A1922DFC692B00ED8D11 /* Project object */ = {
			isa = PBXProject;
			attributes = {
				BuildIndependentTargetsInParallel = 1;
				LastSwiftUpdateCheck = 1630;
				LastUpgradeCheck = 1630;
				TargetAttributes = {
					3857A1992DFC692B00ED8D11 = {
						CreatedOnToolsVersion = 16.3;
					};
					3857A1A62DFC692E00ED8D11 = {
						CreatedOnToolsVersion = 16.3;
						TestTargetID = 3857A1992DFC692B00ED8D11;
					};
					3857A1B02DFC692E00ED8D11 = {
						CreatedOnToolsVersion = 16.3;
						TestTargetID = 3857A1992DFC692B00ED8D11;
					};
				};
			};
			buildConfigurationList = 3857A1952DFC692B00ED8D11 /* Build configuration list for PBXProject "AudioExpenseTracker" */;
			developmentRegion = en;
			hasScannedForEncodings = 0;
			knownRegions = (
				en,
				Base,
			);
			mainGroup = 3857A1912DFC692A00ED8D11;
			minimizedProjectReferenceProxies = 1;
			preferredProjectObjectVersion = 77;
			productRefGroup = 3857A19B2DFC692B00ED8D11 /* Products */;
			projectDirPath = "";
			projectRoot = "";
			targets = (
				3857A1992DFC692B00ED8D11 /* AudioExpenseTracker */,
				3857A1A62DFC692E00ED8D11 /* AudioExpenseTrackerTests */,
				3857A1B02DFC692E00ED8D11 /* AudioExpenseTrackerUITests */,
			);
		};
/* End PBXProject section */

/* Begin PBXResourcesBuildPhase section */
		3857A1982DFC692B00ED8D11 /* Resources */ = {
			isa = PBXResourcesBuildPhase;
			buildActionMask = 2147483647;
			files = (
			);
			runOnlyForDeploymentPostprocessing = 0;
		};
		3857A1A52DFC692E00ED8D11 /* Resources */ = {
			isa = PBXResourcesBuildPhase;
			buildActionMask = 2147483647;
			files = (
			);
			runOnlyForDeploymentPostprocessing = 0;
		};
		3857A1AF2DFC692E00ED8D11 /* Resources */ = {
			isa = PBXResourcesBuildPhase;
			buildActionMask = 2147483647;
			files = (
			);
			runOnlyForDeploymentPostprocessing = 0;
		};
/* End PBXResourcesBuildPhase section */

/* Begin PBXSourcesBuildPhase section */
		3857A1962DFC692B00ED8D11 /* Sources */ = {
			isa = PBXSourcesBuildPhase;
			buildActionMask = 2147483647;
			files = (
			);
			runOnlyForDeploymentPostprocessing = 0;
		};
		3857A1A32DFC692E00ED8D11 /* Sources */ = {
			isa = PBXSourcesBuildPhase;
			buildActionMask = 2147483647;
			files = (
			);
			runOnlyForDeploymentPostprocessing = 0;
		};
		3857A1AD2DFC692E00ED8D11 /* Sources */ = {
			isa = PBXSourcesBuildPhase;
			buildActionMask = 2147483647;
			files = (
			);
			runOnlyForDeploymentPostprocessing = 0;
		};
/* End PBXSourcesBuildPhase section */

/* Begin PBXTargetDependency section */
		3857A1A92DFC692E00ED8D11 /* PBXTargetDependency */ = {
			isa = PBXTargetDependency;
			target = 3857A1992DFC692B00ED8D11 /* AudioExpenseTracker */;
			targetProxy = 3857A1A82DFC692E00ED8D11 /* PBXContainerItemProxy */;
		};
		3857A1B32DFC692E00ED8D11 /* PBXTargetDependency */ = {
			isa = PBXTargetDependency;
			target = 3857A1992DFC692B00ED8D11 /* AudioExpenseTracker */;
			targetProxy = 3857A1B22DFC692E00ED8D11 /* PBXContainerItemProxy */;
		};
/* End PBXTargetDependency section */

/* Begin XCBuildConfiguration section */
		3857A1B92DFC692E00ED8D11 /* Debug */ = {
			isa = XCBuildConfiguration;
			buildSettings = {
				ALWAYS_SEARCH_USER_PATHS = NO;
				ASSETCATALOG_COMPILER_GENERATE_SWIFT_ASSET_SYMBOL_EXTENSIONS = YES;
				CLANG_ANALYZER_NONNULL = YES;
				CLANG_ANALYZER_NUMBER_OBJECT_CONVERSION = YES_AGGRESSIVE;
				CLANG_CXX_LANGUAGE_STANDARD = "gnu++20";
				CLANG_ENABLE_MODULES = YES;
				CLANG_ENABLE_OBJC_ARC = YES;
				CLANG_ENABLE_OBJC_WEAK = YES;
				CLANG_WARN_BLOCK_CAPTURE_AUTORELEASING = YES;
				CLANG_WARN_BOOL_CONVERSION = YES;
				CLANG_WARN_COMMA = YES;
				CLANG_WARN_CONSTANT_CONVERSION = YES;
				CLANG_WARN_DEPRECATED_OBJC_IMPLEMENTATIONS = YES;
				CLANG_WARN_DIRECT_OBJC_ISA_USAGE = YES_ERROR;
				CLANG_WARN_DOCUMENTATION_COMMENTS = YES;
				CLANG_WARN_EMPTY_BODY = YES;
				CLANG_WARN_ENUM_CONVERSION = YES;
				CLANG_WARN_INFINITE_RECURSION = YES;
				CLANG_WARN_INT_CONVERSION = YES;
				CLANG_WARN_NON_LITERAL_NULL_CONVERSION = YES;
				CLANG_WARN_OBJC_IMPLICIT_RETAIN_SELF = YES;
				CLANG_WARN_OBJC_LITERAL_CONVERSION = YES;
				CLANG_WARN_OBJC_ROOT_CLASS = YES_ERROR;
				CLANG_WARN_QUOTED_INCLUDE_IN_FRAMEWORK_HEADER = YES;
				CLANG_WARN_RANGE_LOOP_ANALYSIS = YES;
				CLANG_WARN_STRICT_PROTOTYPES = YES;
				CLANG_WARN_SUSPICIOUS_MOVE = YES;
				CLANG_WARN_UNGUARDED_AVAILABILITY = YES_AGGRESSIVE;
				CLANG_WARN_UNREACHABLE_CODE = YES;
				CLANG_WARN__DUPLICATE_METHOD_MATCH = YES;
				COPY_PHASE_STRIP = NO;
				DEBUG_INFORMATION_FORMAT = dwarf;
				ENABLE_STRICT_OBJC_MSGSEND = YES;
				ENABLE_TESTABILITY = YES;
				ENABLE_USER_SCRIPT_SANDBOXING = YES;
				GCC_C_LANGUAGE_STANDARD = gnu17;
				GCC_DYNAMIC_NO_PIC = NO;
				GCC_NO_COMMON_BLOCKS = YES;
				GCC_OPTIMIZATION_LEVEL = 0;
				GCC_PREPROCESSOR_DEFINITIONS = (
					"DEBUG=1",
					"$(inherited)",
				);
				GCC_WARN_64_TO_32_BIT_CONVERSION = YES;
				GCC_WARN_ABOUT_RETURN_TYPE = YES_ERROR;
				GCC_WARN_UNDECLARED_SELECTOR = YES;
				GCC_WARN_UNINITIALIZED_AUTOS = YES_AGGRESSIVE;
				GCC_WARN_UNUSED_FUNCTION = YES;
				GCC_WARN_UNUSED_VARIABLE = YES;
				IPHONEOS_DEPLOYMENT_TARGET = 18.4;
				LOCALIZATION_PREFERS_STRING_CATALOGS = YES;
				MTL_ENABLE_DEBUG_INFO = INCLUDE_SOURCE;
				MTL_FAST_MATH = YES;
				ONLY_ACTIVE_ARCH = YES;
				SDKROOT = iphoneos;
				SWIFT_ACTIVE_COMPILATION_CONDITIONS = "DEBUG $(inherited)";
				SWIFT_OPTIMIZATION_LEVEL = "-Onone";
			};
			name = Debug;
		};
		3857A1BA2DFC692E00ED8D11 /* Release */ = {
			isa = XCBuildConfiguration;
			buildSettings = {
				ALWAYS_SEARCH_USER_PATHS = NO;
				ASSETCATALOG_COMPILER_GENERATE_SWIFT_ASSET_SYMBOL_EXTENSIONS = YES;
				CLANG_ANALYZER_NONNULL = YES;
				CLANG_ANALYZER_NUMBER_OBJECT_CONVERSION = YES_AGGRESSIVE;
				CLANG_CXX_LANGUAGE_STANDARD = "gnu++20";
				CLANG_ENABLE_MODULES = YES;
				CLANG_ENABLE_OBJC_ARC = YES;
				CLANG_ENABLE_OBJC_WEAK = YES;
				CLANG_WARN_BLOCK_CAPTURE_AUTORELEASING = YES;
				CLANG_WARN_BOOL_CONVERSION = YES;
				CLANG_WARN_COMMA = YES;
				CLANG_WARN_CONSTANT_CONVERSION = YES;
				CLANG_WARN_DEPRECATED_OBJC_IMPLEMENTATIONS = YES;
				CLANG_WARN_DIRECT_OBJC_ISA_USAGE = YES_ERROR;
				CLANG_WARN_DOCUMENTATION_COMMENTS = YES;
				CLANG_WARN_EMPTY_BODY = YES;
				CLANG_WARN_ENUM_CONVERSION = YES;
				CLANG_WARN_INFINITE_RECURSION = YES;
				CLANG_WARN_INT_CONVERSION = YES;
				CLANG_WARN_NON_LITERAL_NULL_CONVERSION = YES;
				CLANG_WARN_OBJC_IMPLICIT_RETAIN_SELF = YES;
				CLANG_WARN_OBJC_LITERAL_CONVERSION = YES;
				CLANG_WARN_OBJC_ROOT_CLASS = YES_ERROR;
				CLANG_WARN_QUOTED_INCLUDE_IN_FRAMEWORK_HEADER = YES;
				CLANG_WARN_RANGE_LOOP_ANALYSIS = YES;
				CLANG_WARN_STRICT_PROTOTYPES = YES;
				CLANG_WARN_SUSPICIOUS_MOVE = YES;
				CLANG_WARN_UNGUARDED_AVAILABILITY = YES_AGGRESSIVE;
				CLANG_WARN_UNREACHABLE_CODE = YES;
				CLANG_WARN__DUPLICATE_METHOD_MATCH = YES;
				COPY_PHASE_STRIP = NO;
				DEBUG_INFORMATION_FORMAT = "dwarf-with-dsym";
				ENABLE_NS_ASSERTIONS = NO;
				ENABLE_STRICT_OBJC_MSGSEND = YES;
				ENABLE_USER_SCRIPT_SANDBOXING = YES;
				GCC_C_LANGUAGE_STANDARD = gnu17;
				GCC_NO_COMMON_BLOCKS = YES;
				GCC_WARN_64_TO_32_BIT_CONVERSION = YES;
				GCC_WARN_ABOUT_RETURN_TYPE = YES_ERROR;
				GCC_WARN_UNDECLARED_SELECTOR = YES;
				GCC_WARN_UNINITIALIZED_AUTOS = YES_AGGRESSIVE;
				GCC_WARN_UNUSED_FUNCTION = YES;
				GCC_WARN_UNUSED_VARIABLE = YES;
				IPHONEOS_DEPLOYMENT_TARGET = 18.4;
				LOCALIZATION_PREFERS_STRING_CATALOGS = YES;
				MTL_ENABLE_DEBUG_INFO = NO;
				MTL_FAST_MATH = YES;
				SDKROOT = iphoneos;
				SWIFT_COMPILATION_MODE = wholemodule;
				VALIDATE_PRODUCT = YES;
			};
			name = Release;
		};
		3857A1BC2DFC692E00ED8D11 /* Debug */ = {
			isa = XCBuildConfiguration;
			buildSettings = {
				ASSETCATALOG_COMPILER_APPICON_NAME = AppIcon;
				ASSETCATALOG_COMPILER_GLOBAL_ACCENT_COLOR_NAME = AccentColor;
				CODE_SIGN_STYLE = Automatic;
				CURRENT_PROJECT_VERSION = 1;
				DEVELOPMENT_TEAM = YP4BZ63BZ2;
				ENABLE_PREVIEWS = YES;
				GENERATE_INFOPLIST_FILE = YES;
				INFOPLIST_FILE = AudioExpenseTracker/Info.plist;
				INFOPLIST_KEY_CFBundleDisplayName = "语音记账";
				INFOPLIST_KEY_NSMicrophoneUsageDescription = "需要访问麦克风来录制语音，以便进行费用记录";
				INFOPLIST_KEY_NSSpeechRecognitionUsageDescription = "需要使用语音识别功能将您的语音转换为文字，以便自动识别费用信息";
				INFOPLIST_KEY_UIApplicationSceneManifest_Generation = YES;
				INFOPLIST_KEY_UIApplicationSupportsIndirectInputEvents = YES;
				INFOPLIST_KEY_UILaunchScreen_Generation = YES;
				INFOPLIST_KEY_UISupportedInterfaceOrientations_iPad = "UIInterfaceOrientationPortrait UIInterfaceOrientationPortraitUpsideDown UIInterfaceOrientationLandscapeLeft UIInterfaceOrientationLandscapeRight";
				INFOPLIST_KEY_UISupportedInterfaceOrientations_iPhone = "UIInterfaceOrientationPortrait UIInterfaceOrientationLandscapeLeft UIInterfaceOrientationLandscapeRight";
				LD_RUNPATH_SEARCH_PATHS = (
					"$(inherited)",
					"@executable_path/Frameworks",
				);
				MARKETING_VERSION = 1.0;
				PRODUCT_BUNDLE_IDENTIFIER = bufaxiwang.AudioExpenseTracker;
				PRODUCT_NAME = "$(TARGET_NAME)";
				SWIFT_EMIT_LOC_STRINGS = YES;
				SWIFT_VERSION = 5.0;
				TARGETED_DEVICE_FAMILY = "1,2";
			};
			name = Debug;
		};
		3857A1BD2DFC692E00ED8D11 /* Release */ = {
			isa = XCBuildConfiguration;
			buildSettings = {
				ASSETCATALOG_COMPILER_APPICON_NAME = AppIcon;
				ASSETCATALOG_COMPILER_GLOBAL_ACCENT_COLOR_NAME = AccentColor;
				CODE_SIGN_STYLE = Automatic;
				CURRENT_PROJECT_VERSION = 1;
				DEVELOPMENT_TEAM = YP4BZ63BZ2;
				ENABLE_PREVIEWS = YES;
				GENERATE_INFOPLIST_FILE = YES;
				INFOPLIST_FILE = AudioExpenseTracker/Info.plist;
				INFOPLIST_KEY_CFBundleDisplayName = "语音记账";
				INFOPLIST_KEY_NSMicrophoneUsageDescription = "需要访问麦克风来录制语音，以便进行费用记录";
				INFOPLIST_KEY_NSSpeechRecognitionUsageDescription = "需要使用语音识别功能将您的语音转换为文字，以便自动识别费用信息";
				INFOPLIST_KEY_UIApplicationSceneManifest_Generation = YES;
				INFOPLIST_KEY_UIApplicationSupportsIndirectInputEvents = YES;
				INFOPLIST_KEY_UILaunchScreen_Generation = YES;
				INFOPLIST_KEY_UISupportedInterfaceOrientations_iPad = "UIInterfaceOrientationPortrait UIInterfaceOrientationPortraitUpsideDown UIInterfaceOrientationLandscapeLeft UIInterfaceOrientationLandscapeRight";
				INFOPLIST_KEY_UISupportedInterfaceOrientations_iPhone = "UIInterfaceOrientationPortrait UIInterfaceOrientationLandscapeLeft UIInterfaceOrientationLandscapeRight";
				LD_RUNPATH_SEARCH_PATHS = (
					"$(inherited)",
					"@executable_path/Frameworks",
				);
				MARKETING_VERSION = 1.0;
				PRODUCT_BUNDLE_IDENTIFIER = bufaxiwang.AudioExpenseTracker;
				PRODUCT_NAME = "$(TARGET_NAME)";
				SWIFT_EMIT_LOC_STRINGS = YES;
				SWIFT_VERSION = 5.0;
				TARGETED_DEVICE_FAMILY = "1,2";
			};
			name = Release;
		};
		3857A1BF2DFC692E00ED8D11 /* Debug */ = {
			isa = XCBuildConfiguration;
			buildSettings = {
				BUNDLE_LOADER = "$(TEST_HOST)";
				CODE_SIGN_STYLE = Automatic;
				CURRENT_PROJECT_VERSION = 1;
				GENERATE_INFOPLIST_FILE = YES;
				IPHONEOS_DEPLOYMENT_TARGET = 18.4;
				MARKETING_VERSION = 1.0;
				PRODUCT_BUNDLE_IDENTIFIER = bufaxiwang.AudioExpenseTrackerTests;
				PRODUCT_NAME = "$(TARGET_NAME)";
				SWIFT_EMIT_LOC_STRINGS = NO;
				SWIFT_VERSION = 5.0;
				TARGETED_DEVICE_FAMILY = "1,2";
				TEST_HOST = "$(BUILT_PRODUCTS_DIR)/AudioExpenseTracker.app/$(BUNDLE_EXECUTABLE_FOLDER_PATH)/AudioExpenseTracker";
			};
			name = Debug;
		};
		3857A1C02DFC692E00ED8D11 /* Release */ = {
			isa = XCBuildConfiguration;
			buildSettings = {
				BUNDLE_LOADER = "$(TEST_HOST)";
				CODE_SIGN_STYLE = Automatic;
				CURRENT_PROJECT_VERSION = 1;
				GENERATE_INFOPLIST_FILE = YES;
				IPHONEOS_DEPLOYMENT_TARGET = 18.4;
				MARKETING_VERSION = 1.0;
				PRODUCT_BUNDLE_IDENTIFIER = bufaxiwang.AudioExpenseTrackerTests;
				PRODUCT_NAME = "$(TARGET_NAME)";
				SWIFT_EMIT_LOC_STRINGS = NO;
				SWIFT_VERSION = 5.0;
				TARGETED_DEVICE_FAMILY = "1,2";
				TEST_HOST = "$(BUILT_PRODUCTS_DIR)/AudioExpenseTracker.app/$(BUNDLE_EXECUTABLE_FOLDER_PATH)/AudioExpenseTracker";
			};
			name = Release;
		};
		3857A1C22DFC692E00ED8D11 /* Debug */ = {
			isa = XCBuildConfiguration;
			buildSettings = {
				CODE_SIGN_STYLE = Automatic;
				CURRENT_PROJECT_VERSION = 1;
				GENERATE_INFOPLIST_FILE = YES;
				MARKETING_VERSION = 1.0;
				PRODUCT_BUNDLE_IDENTIFIER = bufaxiwang.AudioExpenseTrackerUITests;
				PRODUCT_NAME = "$(TARGET_NAME)";
				SWIFT_EMIT_LOC_STRINGS = NO;
				SWIFT_VERSION = 5.0;
				TARGETED_DEVICE_FAMILY = "1,2";
				TEST_TARGET_NAME = AudioExpenseTracker;
			};
			name = Debug;
		};
		3857A1C32DFC692E00ED8D11 /* Release */ = {
			isa = XCBuildConfiguration;
			buildSettings = {
				CODE_SIGN_STYLE = Automatic;
				CURRENT_PROJECT_VERSION = 1;
				GENERATE_INFOPLIST_FILE = YES;
				MARKETING_VERSION = 1.0;
				PRODUCT_BUNDLE_IDENTIFIER = bufaxiwang.AudioExpenseTrackerUITests;
				PRODUCT_NAME = "$(TARGET_NAME)";
				SWIFT_EMIT_LOC_STRINGS = NO;
				SWIFT_VERSION = 5.0;
				TARGETED_DEVICE_FAMILY = "1,2";
				TEST_TARGET_NAME = AudioExpenseTracker;
			};
			name = Release;
		};
/* End XCBuildConfiguration section */

/* Begin XCConfigurationList section */
		3857A1952DFC692B00ED8D11 /* Build configuration list for PBXProject "AudioExpenseTracker" */ = {
			isa = XCConfigurationList;
			buildConfigurations = (
				3857A1B92DFC692E00ED8D11 /* Debug */,
				3857A1BA2DFC692E00ED8D11 /* Release */,
			);
			defaultConfigurationIsVisible = 0;
			defaultConfigurationName = Release;
		};
		3857A1BB2DFC692E00ED8D11 /* Build configuration list for PBXNativeTarget "AudioExpenseTracker" */ = {
			isa = XCConfigurationList;
			buildConfigurations = (
				3857A1BC2DFC692E00ED8D11 /* Debug */,
				3857A1BD2DFC692E00ED8D11 /* Release */,
			);
			defaultConfigurationIsVisible = 0;
			defaultConfigurationName = Release;
		};
		3857A1BE2DFC692E00ED8D11 /* Build configuration list for PBXNativeTarget "AudioExpenseTrackerTests" */ = {
			isa = XCConfigurationList;
			buildConfigurations = (
				3857A1BF2DFC692E00ED8D11 /* Debug */,
				3857A1C02DFC692E00ED8D11 /* Release */,
			);
			defaultConfigurationIsVisible = 0;
			defaultConfigurationName = Release;
		};
		3857A1C12DFC692E00ED8D11 /* Build configuration list for PBXNativeTarget "AudioExpenseTrackerUITests" */ = {
			isa = XCConfigurationList;
			buildConfigurations = (
				3857A1C22DFC692E00ED8D11 /* Debug */,
				3857A1C32DFC692E00ED8D11 /* Release */,
			);
			defaultConfigurationIsVisible = 0;
			defaultConfigurationName = Release;
		};
/* End XCConfigurationList section */
	};
	rootObject = 3857A1922DFC692B00ED8D11 /* Project object */;
}
